// !$*UTF8*$!
{
	archiveVersion = 1;
	classes = {
	};
	objectVersion = 55;
	objects = {

/* Begin PBXBuildFile section */
		103DE1D72791A4AC00A74F6A /* Tasks1.png in Resources */ = {isa = PBXBuildFile; fileRef = 103DE1D32791A4AB00A74F6A /* Tasks1.png */; };
		103DE1D82791A4AC00A74F6A /* TaskList1.png in Resources */ = {isa = PBXBuildFile; fileRef = 103DE1D42791A4AC00A74F6A /* TaskList1.png */; };
		103DE1D92791A4AC00A74F6A /* Tasks2.png in Resources */ = {isa = PBXBuildFile; fileRef = 103DE1D52791A4AC00A74F6A /* Tasks2.png */; };
		103DE1DA2791A4AC00A74F6A /* TaskList2.png in Resources */ = {isa = PBXBuildFile; fileRef = 103DE1D62791A4AC00A74F6A /* TaskList2.png */; };
		10FD537627108174006F9529 /* AppDelegate.swift in Sources */ = {isa = PBXBuildFile; fileRef = 10FD537527108174006F9529 /* AppDelegate.swift */; };
		10FD537827108174006F9529 /* SceneDelegate.swift in Sources */ = {isa = PBXBuildFile; fileRef = 10FD537727108174006F9529 /* SceneDelegate.swift */; };
		10FD537D27108174006F9529 /* Main.storyboard in Resources */ = {isa = PBXBuildFile; fileRef = 10FD537B27108174006F9529 /* Main.storyboard */; };
		10FD537F27108175006F9529 /* Assets.xcassets in Resources */ = {isa = PBXBuildFile; fileRef = 10FD537E27108175006F9529 /* Assets.xcassets */; };
		10FD538227108175006F9529 /* LaunchScreen.storyboard in Resources */ = {isa = PBXBuildFile; fileRef = 10FD538027108175006F9529 /* LaunchScreen.storyboard */; };
		10FD538A271081C2006F9529 /* .gitignore in Resources */ = {isa = PBXBuildFile; fileRef = 10FD5389271081C2006F9529 /* .gitignore */; };
		10FD538C2710852C006F9529 /* TaskListViewController.swift in Sources */ = {isa = PBXBuildFile; fileRef = 10FD538B2710852C006F9529 /* TaskListViewController.swift */; };
		10FD538E27108540006F9529 /* TasksViewController.swift in Sources */ = {isa = PBXBuildFile; fileRef = 10FD538D27108540006F9529 /* TasksViewController.swift */; };
		10FD539027108815006F9529 /* AlertController.swift in Sources */ = {isa = PBXBuildFile; fileRef = 10FD538F27108815006F9529 /* AlertController.swift */; };
		10FD53952710B2F7006F9529 /* TaskList.swift in Sources */ = {isa = PBXBuildFile; fileRef = 10FD53942710B2F7006F9529 /* TaskList.swift */; };
		10FD53972710B5AF006F9529 /* DataManager.swift in Sources */ = {isa = PBXBuildFile; fileRef = 10FD53962710B5AF006F9529 /* DataManager.swift */; };
		10FD53992710BA15006F9529 /* StorageManager.swift in Sources */ = {isa = PBXBuildFile; fileRef = 10FD53982710BA15006F9529 /* StorageManager.swift */; };
		97663474822158787AA31010 /* Pods_TaskListRealm.framework in Frameworks */ = {isa = PBXBuildFile; fileRef = 61DCEE091F1BB2F9FCF68B07 /* Pods_TaskListRealm.framework */; };
/* End PBXBuildFile section */

/* Begin PBXFileReference section */
		07AE0B170A09D0DEC7F0BFA9 /* Pods-TaskListRealm.debug.xcconfig */ = {isa = PBXFileReference; includeInIndex = 1; lastKnownFileType = text.xcconfig; name = "Pods-TaskListRealm.debug.xcconfig"; path = "Target Support Files/Pods-TaskListRealm/Pods-TaskListRealm.debug.xcconfig"; sourceTree = "<group>"; };
		103DE1D32791A4AB00A74F6A /* Tasks1.png */ = {isa = PBXFileReference; lastKnownFileType = image.png; path = Tasks1.png; sourceTree = "<group>"; };
		103DE1D42791A4AC00A74F6A /* TaskList1.png */ = {isa = PBXFileReference; lastKnownFileType = image.png; path = TaskList1.png; sourceTree = "<group>"; };
		103DE1D52791A4AC00A74F6A /* Tasks2.png */ = {isa = PBXFileReference; lastKnownFileType = image.png; path = Tasks2.png; sourceTree = "<group>"; };
		103DE1D62791A4AC00A74F6A /* TaskList2.png */ = {isa = PBXFileReference; lastKnownFileType = image.png; path = TaskList2.png; sourceTree = "<group>"; };
		10FD537227108174006F9529 /* TaskListRealm.app */ = {isa = PBXFileReference; explicitFileType = wrapper.application; includeInIndex = 0; path = TaskListRealm.app; sourceTree = BUILT_PRODUCTS_DIR; };
		10FD537527108174006F9529 /* AppDelegate.swift */ = {isa = PBXFileReference; lastKnownFileType = sourcecode.swift; path = AppDelegate.swift; sourceTree = "<group>"; };
		10FD537727108174006F9529 /* SceneDelegate.swift */ = {isa = PBXFileReference; lastKnownFileType = sourcecode.swift; path = SceneDelegate.swift; sourceTree = "<group>"; };
		10FD537C27108174006F9529 /* Base */ = {isa = PBXFileReference; lastKnownFileType = file.storyboard; name = Base; path = Base.lproj/Main.storyboard; sourceTree = "<group>"; };
		10FD537E27108175006F9529 /* Assets.xcassets */ = {isa = PBXFileReference; lastKnownFileType = folder.assetcatalog; path = Assets.xcassets; sourceTree = "<group>"; };
		10FD538127108175006F9529 /* Base */ = {isa = PBXFileReference; lastKnownFileType = file.storyboard; name = Base; path = Base.lproj/LaunchScreen.storyboard; sourceTree = "<group>"; };
		10FD538327108175006F9529 /* Info.plist */ = {isa = PBXFileReference; lastKnownFileType = text.plist.xml; path = Info.plist; sourceTree = "<group>"; };
		10FD5389271081C2006F9529 /* .gitignore */ = {isa = PBXFileReference; lastKnownFileType = text; path = .gitignore; sourceTree = "<group>"; };
		10FD538B2710852C006F9529 /* TaskListViewController.swift */ = {isa = PBXFileReference; lastKnownFileType = sourcecode.swift; path = TaskListViewController.swift; sourceTree = "<group>"; };
		10FD538D27108540006F9529 /* TasksViewController.swift */ = {isa = PBXFileReference; lastKnownFileType = sourcecode.swift; path = TasksViewController.swift; sourceTree = "<group>"; };
		10FD538F27108815006F9529 /* AlertController.swift */ = {isa = PBXFileReference; lastKnownFileType = sourcecode.swift; path = AlertController.swift; sourceTree = "<group>"; };
		10FD53942710B2F7006F9529 /* TaskList.swift */ = {isa = PBXFileReference; lastKnownFileType = sourcecode.swift; path = TaskList.swift; sourceTree = "<group>"; };
		10FD53962710B5AF006F9529 /* DataManager.swift */ = {isa = PBXFileReference; lastKnownFileType = sourcecode.swift; path = DataManager.swift; sourceTree = "<group>"; };
		10FD53982710BA15006F9529 /* StorageManager.swift */ = {isa = PBXFileReference; lastKnownFileType = sourcecode.swift; path = StorageManager.swift; sourceTree = "<group>"; };
		61DCEE091F1BB2F9FCF68B07 /* Pods_TaskListRealm.framework */ = {isa = PBXFileReference; explicitFileType = wrapper.framework; includeInIndex = 0; path = Pods_TaskListRealm.framework; sourceTree = BUILT_PRODUCTS_DIR; };
		9BFE386AAEC9A40CEDD8A7D8 /* Pods-TaskListRealm.release.xcconfig */ = {isa = PBXFileReference; includeInIndex = 1; lastKnownFileType = text.xcconfig; name = "Pods-TaskListRealm.release.xcconfig"; path = "Target Support Files/Pods-TaskListRealm/Pods-TaskListRealm.release.xcconfig"; sourceTree = "<group>"; };
/* End PBXFileReference section */

/* Begin PBXFrameworksBuildPhase section */
		10FD536F27108174006F9529 /* Frameworks */ = {
			isa = PBXFrameworksBuildPhase;
			buildActionMask = 2147483647;
			files = (
				97663474822158787AA31010 /* Pods_TaskListRealm.framework in Frameworks */,
			);
			runOnlyForDeploymentPostprocessing = 0;
		};
/* End PBXFrameworksBuildPhase section */

/* Begin PBXGroup section */
		023442AC15DD348245651981 /* Pods */ = {
			isa = PBXGroup;
			children = (
				07AE0B170A09D0DEC7F0BFA9 /* Pods-TaskListRealm.debug.xcconfig */,
				9BFE386AAEC9A40CEDD8A7D8 /* Pods-TaskListRealm.release.xcconfig */,
			);
			path = Pods;
			sourceTree = "<group>";
		};
		1082B23A279055DA00F53678 /* Images */ = {
			isa = PBXGroup;
			children = (
				103DE1D42791A4AC00A74F6A /* TaskList1.png */,
				103DE1D62791A4AC00A74F6A /* TaskList2.png */,
				103DE1D32791A4AB00A74F6A /* Tasks1.png */,
				103DE1D52791A4AC00A74F6A /* Tasks2.png */,
			);
			path = Images;
			sourceTree = "<group>";
		};
		10FD536927108174006F9529 = {
			isa = PBXGroup;
			children = (
				1082B23A279055DA00F53678 /* Images */,
				10FD5389271081C2006F9529 /* .gitignore */,
				10FD537427108174006F9529 /* TaskListRealm */,
				10FD537327108174006F9529 /* Products */,
				023442AC15DD348245651981 /* Pods */,
				74070FB69713ABA5EA65666D /* Frameworks */,
			);
			sourceTree = "<group>";
		};
		10FD537327108174006F9529 /* Products */ = {
			isa = PBXGroup;
			children = (
				10FD537227108174006F9529 /* TaskListRealm.app */,
			);
			name = Products;
			sourceTree = "<group>";
		};
		10FD537427108174006F9529 /* TaskListRealm */ = {
			isa = PBXGroup;
			children = (
				10FD53912710B19E006F9529 /* ViewControllers */,
				10FD53922710B1B5006F9529 /* Services */,
				10FD53932710B1CB006F9529 /* Models */,
				10FD537527108174006F9529 /* AppDelegate.swift */,
				10FD537727108174006F9529 /* SceneDelegate.swift */,
				10FD537B27108174006F9529 /* Main.storyboard */,
				10FD537E27108175006F9529 /* Assets.xcassets */,
				10FD538027108175006F9529 /* LaunchScreen.storyboard */,
				10FD538327108175006F9529 /* Info.plist */,
			);
			path = TaskListRealm;
			sourceTree = "<group>";
		};
		10FD53912710B19E006F9529 /* ViewControllers */ = {
			isa = PBXGroup;
			children = (
				10FD538B2710852C006F9529 /* TaskListViewController.swift */,
				10FD538D27108540006F9529 /* TasksViewController.swift */,
				10FD538F27108815006F9529 /* AlertController.swift */,
			);
			path = ViewControllers;
			sourceTree = "<group>";
		};
		10FD53922710B1B5006F9529 /* Services */ = {
			isa = PBXGroup;
			children = (
				10FD53962710B5AF006F9529 /* DataManager.swift */,
				10FD53982710BA15006F9529 /* StorageManager.swift */,
			);
			path = Services;
			sourceTree = "<group>";
		};
		10FD53932710B1CB006F9529 /* Models */ = {
			isa = PBXGroup;
			children = (
				10FD53942710B2F7006F9529 /* TaskList.swift */,
			);
			path = Models;
			sourceTree = "<group>";
		};
		74070FB69713ABA5EA65666D /* Frameworks */ = {
			isa = PBXGroup;
			children = (
				61DCEE091F1BB2F9FCF68B07 /* Pods_TaskListRealm.framework */,
			);
			name = Frameworks;
			sourceTree = "<group>";
		};
/* End PBXGroup section */

/* Begin PBXNativeTarget section */
		10FD537127108174006F9529 /* TaskListRealm */ = {
			isa = PBXNativeTarget;
			buildConfigurationList = 10FD538627108175006F9529 /* Build configuration list for PBXNativeTarget "TaskListRealm" */;
			buildPhases = (
				4CDC9F5011F2E3CB5A232A8A /* [CP] Check Pods Manifest.lock */,
				10FD536E27108174006F9529 /* Sources */,
				10FD536F27108174006F9529 /* Frameworks */,
				10FD537027108174006F9529 /* Resources */,
				78A38CCAD66F744C424593FB /* [CP] Embed Pods Frameworks */,
			);
			buildRules = (
			);
			dependencies = (
			);
			name = TaskListRealm;
			productName = TaskListRealm;
			productReference = 10FD537227108174006F9529 /* TaskListRealm.app */;
			productType = "com.apple.product-type.application";
		};
/* End PBXNativeTarget section */

/* Begin PBXProject section */
		10FD536A27108174006F9529 /* Project object */ = {
			isa = PBXProject;
			attributes = {
				BuildIndependentTargetsInParallel = 1;
				LastSwiftUpdateCheck = 1300;
				LastUpgradeCheck = 1300;
				TargetAttributes = {
					10FD537127108174006F9529 = {
						CreatedOnToolsVersion = 13.0;
					};
				};
			};
			buildConfigurationList = 10FD536D27108174006F9529 /* Build configuration list for PBXProject "TaskListRealm" */;
			compatibilityVersion = "Xcode 13.0";
			developmentRegion = en;
			hasScannedForEncodings = 0;
			knownRegions = (
				en,
				Base,
			);
			mainGroup = 10FD536927108174006F9529;
			productRefGroup = 10FD537327108174006F9529 /* Products */;
			projectDirPath = "";
			projectRoot = "";
			targets = (
				10FD537127108174006F9529 /* TaskListRealm */,
			);
		};
/* End PBXProject section */

/* Begin PBXResourcesBuildPhase section */
		10FD537027108174006F9529 /* Resources */ = {
			isa = PBXResourcesBuildPhase;
			buildActionMask = 2147483647;
			files = (
				10FD538A271081C2006F9529 /* .gitignore in Resources */,
				103DE1DA2791A4AC00A74F6A /* TaskList2.png in Resources */,
				10FD538227108175006F9529 /* LaunchScreen.storyboard in Resources */,
				103DE1D82791A4AC00A74F6A /* TaskList1.png in Resources */,
				103DE1D72791A4AC00A74F6A /* Tasks1.png in Resources */,
				103DE1D92791A4AC00A74F6A /* Tasks2.png in Resources */,
				10FD537F27108175006F9529 /* Assets.xcassets in Resources */,
				10FD537D27108174006F9529 /* Main.storyboard in Resources */,
			);
			runOnlyForDeploymentPostprocessing = 0;
		};
/* End PBXResourcesBuildPhase section */

/* Begin PBXShellScriptBuildPhase section */
		4CDC9F5011F2E3CB5A232A8A /* [CP] Check Pods Manifest.lock */ = {
			isa = PBXShellScriptBuildPhase;
			buildActionMask = 2147483647;
			files = (
			);
			inputFileListPaths = (
			);
			inputPaths = (
				"${PODS_PODFILE_DIR_PATH}/Podfile.lock",
				"${PODS_ROOT}/Manifest.lock",
			);
			name = "[CP] Check Pods Manifest.lock";
			outputFileListPaths = (
			);
			outputPaths = (
				"$(DERIVED_FILE_DIR)/Pods-TaskListRealm-checkManifestLockResult.txt",
			);
			runOnlyForDeploymentPostprocessing = 0;
			shellPath = /bin/sh;
			shellScript = "diff \"${PODS_PODFILE_DIR_PATH}/Podfile.lock\" \"${PODS_ROOT}/Manifest.lock\" > /dev/null\nif [ $? != 0 ] ; then\n    # print error to STDERR\n    echo \"error: The sandbox is not in sync with the Podfile.lock. Run 'pod install' or update your CocoaPods installation.\" >&2\n    exit 1\nfi\n# This output is used by Xcode 'outputs' to avoid re-running this script phase.\necho \"SUCCESS\" > \"${SCRIPT_OUTPUT_FILE_0}\"\n";
			showEnvVarsInLog = 0;
		};
		78A38CCAD66F744C424593FB /* [CP] Embed Pods Frameworks */ = {
			isa = PBXShellScriptBuildPhase;
			buildActionMask = 2147483647;
			files = (
			);
			inputFileListPaths = (
				"${PODS_ROOT}/Target Support Files/Pods-TaskListRealm/Pods-TaskListRealm-frameworks-${CONFIGURATION}-input-files.xcfilelist",
			);
			name = "[CP] Embed Pods Frameworks";
			outputFileListPaths = (
				"${PODS_ROOT}/Target Support Files/Pods-TaskListRealm/Pods-TaskListRealm-frameworks-${CONFIGURATION}-output-files.xcfilelist",
			);
			runOnlyForDeploymentPostprocessing = 0;
			shellPath = /bin/sh;
			shellScript = "\"${PODS_ROOT}/Target Support Files/Pods-TaskListRealm/Pods-TaskListRealm-frameworks.sh\"\n";
			showEnvVarsInLog = 0;
		};
/* End PBXShellScriptBuildPhase section */

/* Begin PBXSourcesBuildPhase section */
		10FD536E27108174006F9529 /* Sources */ = {
			isa = PBXSourcesBuildPhase;
			buildActionMask = 2147483647;
			files = (
				10FD53952710B2F7006F9529 /* TaskList.swift in Sources */,
				10FD537627108174006F9529 /* AppDelegate.swift in Sources */,
				10FD539027108815006F9529 /* AlertController.swift in Sources */,
				10FD53972710B5AF006F9529 /* DataManager.swift in Sources */,
				10FD538E27108540006F9529 /* TasksViewController.swift in Sources */,
				10FD537827108174006F9529 /* SceneDelegate.swift in Sources */,
				10FD538C2710852C006F9529 /* TaskListViewController.swift in Sources */,
				10FD53992710BA15006F9529 /* StorageManager.swift in Sources */,
			);
			runOnlyForDeploymentPostprocessing = 0;
		};
/* End PBXSourcesBuildPhase section */

/* Begin PBXVariantGroup section */
		10FD537B27108174006F9529 /* Main.storyboard */ = {
			isa = PBXVariantGroup;
			children = (
				10FD537C27108174006F9529 /* Base */,
			);
			name = Main.storyboard;
			sourceTree = "<group>";
		};
		10FD538027108175006F9529 /* LaunchScreen.storyboard */ = {
			isa = PBXVariantGroup;
			children = (
				10FD538127108175006F9529 /* Base */,
			);
			name = LaunchScreen.storyboard;
			sourceTree = "<group>";
		};
/* End PBXVariantGroup section */

/* Begin XCBuildConfiguration section */
		10FD538427108175006F9529 /* Debug */ = {
			isa = XCBuildConfiguration;
			buildSettings = {
				ALWAYS_SEARCH_USER_PATHS = NO;
				CLANG_ANALYZER_NONNULL = YES;
				CLANG_ANALYZER_NUMBER_OBJECT_CONVERSION = YES_AGGRESSIVE;
				CLANG_CXX_LANGUAGE_STANDARD = "gnu++17";
				CLANG_CXX_LIBRARY = "libc++";
				CLANG_ENABLE_MODULES = YES;
				CLANG_ENABLE_OBJC_ARC = YES;
				CLANG_ENABLE_OBJC_WEAK = YES;
				CLANG_WARN_BLOCK_CAPTURE_AUTORELEASING = YES;
				CLANG_WARN_BOOL_CONVERSION = YES;
				CLANG_WARN_COMMA = YES;
				CLANG_WARN_CONSTANT_CONVERSION = YES;
				CLANG_WARN_DEPRECATED_OBJC_IMPLEMENTATIONS = YES;
				CLANG_WARN_DIRECT_OBJC_ISA_USAGE = YES_ERROR;
				CLANG_WARN_DOCUMENTATION_COMMENTS = YES;
				CLANG_WARN_EMPTY_BODY = YES;
				CLANG_WARN_ENUM_CONVERSION = YES;
				CLANG_WARN_INFINITE_RECURSION = YES;
				CLANG_WARN_INT_CONVERSION = YES;
				CLANG_WARN_NON_LITERAL_NULL_CONVERSION = YES;
				CLANG_WARN_OBJC_IMPLICIT_RETAIN_SELF = YES;
				CLANG_WARN_OBJC_LITERAL_CONVERSION = YES;
				CLANG_WARN_OBJC_ROOT_CLASS = YES_ERROR;
				CLANG_WARN_QUOTED_INCLUDE_IN_FRAMEWORK_HEADER = YES;
				CLANG_WARN_RANGE_LOOP_ANALYSIS = YES;
				CLANG_WARN_STRICT_PROTOTYPES = YES;
				CLANG_WARN_SUSPICIOUS_MOVE = YES;
				CLANG_WARN_UNGUARDED_AVAILABILITY = YES_AGGRESSIVE;
				CLANG_WARN_UNREACHABLE_CODE = YES;
				CLANG_WARN__DUPLICATE_METHOD_MATCH = YES;
				COPY_PHASE_STRIP = NO;
				DEBUG_INFORMATION_FORMAT = dwarf;
				ENABLE_STRICT_OBJC_MSGSEND = YES;
				ENABLE_TESTABILITY = YES;
				GCC_C_LANGUAGE_STANDARD = gnu11;
				GCC_DYNAMIC_NO_PIC = NO;
				GCC_NO_COMMON_BLOCKS = YES;
				GCC_OPTIMIZATION_LEVEL = 0;
				GCC_PREPROCESSOR_DEFINITIONS = (
					"DEBUG=1",
					"$(inherited)",
				);
				GCC_WARN_64_TO_32_BIT_CONVERSION = YES;
				GCC_WARN_ABOUT_RETURN_TYPE = YES_ERROR;
				GCC_WARN_UNDECLARED_SELECTOR = YES;
				GCC_WARN_UNINITIALIZED_AUTOS = YES_AGGRESSIVE;
				GCC_WARN_UNUSED_FUNCTION = YES;
				GCC_WARN_UNUSED_VARIABLE = YES;
				IPHONEOS_DEPLOYMENT_TARGET = 15.0;
				MTL_ENABLE_DEBUG_INFO = INCLUDE_SOURCE;
				MTL_FAST_MATH = YES;
				ONLY_ACTIVE_ARCH = YES;
				SDKROOT = iphoneos;
				SWIFT_ACTIVE_COMPILATION_CONDITIONS = DEBUG;
				SWIFT_OPTIMIZATION_LEVEL = "-Onone";
			};
			name = Debug;
		};
		10FD538527108175006F9529 /* Release */ = {
			isa = XCBuildConfiguration;
			buildSettings = {
				ALWAYS_SEARCH_USER_PATHS = NO;
				CLANG_ANALYZER_NONNULL = YES;
				CLANG_ANALYZER_NUMBER_OBJECT_CONVERSION = YES_AGGRESSIVE;
				CLANG_CXX_LANGUAGE_STANDARD = "gnu++17";
				CLANG_CXX_LIBRARY = "libc++";
				CLANG_ENABLE_MODULES = YES;
				CLANG_ENABLE_OBJC_ARC = YES;
				CLANG_ENABLE_OBJC_WEAK = YES;
				CLANG_WARN_BLOCK_CAPTURE_AUTORELEASING = YES;
				CLANG_WARN_BOOL_CONVERSION = YES;
				CLANG_WARN_COMMA = YES;
				CLANG_WARN_CONSTANT_CONVERSION = YES;
				CLANG_WARN_DEPRECATED_OBJC_IMPLEMENTATIONS = YES;
				CLANG_WARN_DIRECT_OBJC_ISA_USAGE = YES_ERROR;
				CLANG_WARN_DOCUMENTATION_COMMENTS = YES;
				CLANG_WARN_EMPTY_BODY = YES;
				CLANG_WARN_ENUM_CONVERSION = YES;
				CLANG_WARN_INFINITE_RECURSION = YES;
				CLANG_WARN_INT_CONVERSION = YES;
				CLANG_WARN_NON_LITERAL_NULL_CONVERSION = YES;
				CLANG_WARN_OBJC_IMPLICIT_RETAIN_SELF = YES;
				CLANG_WARN_OBJC_LITERAL_CONVERSION = YES;
				CLANG_WARN_OBJC_ROOT_CLASS = YES_ERROR;
				CLANG_WARN_QUOTED_INCLUDE_IN_FRAMEWORK_HEADER = YES;
				CLANG_WARN_RANGE_LOOP_ANALYSIS = YES;
				CLANG_WARN_STRICT_PROTOTYPES = YES;
				CLANG_WARN_SUSPICIOUS_MOVE = YES;
				CLANG_WARN_UNGUARDED_AVAILABILITY = YES_AGGRESSIVE;
				CLANG_WARN_UNREACHABLE_CODE = YES;
				CLANG_WARN__DUPLICATE_METHOD_MATCH = YES;
				COPY_PHASE_STRIP = NO;
				DEBUG_INFORMATION_FORMAT = "dwarf-with-dsym";
				ENABLE_NS_ASSERTIONS = NO;
				ENABLE_STRICT_OBJC_MSGSEND = YES;
				GCC_C_LANGUAGE_STANDARD = gnu11;
				GCC_NO_COMMON_BLOCKS = YES;
				GCC_WARN_64_TO_32_BIT_CONVERSION = YES;
				GCC_WARN_ABOUT_RETURN_TYPE = YES_ERROR;
				GCC_WARN_UNDECLARED_SELECTOR = YES;
				GCC_WARN_UNINITIALIZED_AUTOS = YES_AGGRESSIVE;
				GCC_WARN_UNUSED_FUNCTION = YES;
				GCC_WARN_UNUSED_VARIABLE = YES;
				IPHONEOS_DEPLOYMENT_TARGET = 15.0;
				MTL_ENABLE_DEBUG_INFO = NO;
				MTL_FAST_MATH = YES;
				SDKROOT = iphoneos;
				SWIFT_COMPILATION_MODE = wholemodule;
				SWIFT_OPTIMIZATION_LEVEL = "-O";
				VALIDATE_PRODUCT = YES;
			};
			name = Release;
		};
		10FD538727108175006F9529 /* Debug */ = {
			isa = XCBuildConfiguration;
			baseConfigurationReference = 07AE0B170A09D0DEC7F0BFA9 /* Pods-TaskListRealm.debug.xcconfig */;
			buildSettings = {
				ASSETCATALOG_COMPILER_APPICON_NAME = AppIcon;
				ASSETCATALOG_COMPILER_GLOBAL_ACCENT_COLOR_NAME = AccentColor;
				CODE_SIGN_STYLE = Automatic;
				CURRENT_PROJECT_VERSION = 1;
				DEVELOPMENT_TEAM = QGLMKQL94J;
				GENERATE_INFOPLIST_FILE = YES;
				INFOPLIST_FILE = TaskListRealm/Info.plist;
				INFOPLIST_KEY_UIApplicationSupportsIndirectInputEvents = YES;
				INFOPLIST_KEY_UILaunchStoryboardName = LaunchScreen;
				INFOPLIST_KEY_UIMainStoryboardFile = Main;
				INFOPLIST_KEY_UISupportedInterfaceOrientations_iPad = "UIInterfaceOrientationPortrait UIInterfaceOrientationPortraitUpsideDown UIInterfaceOrientationLandscapeLeft UIInterfaceOrientationLandscapeRight";
				INFOPLIST_KEY_UISupportedInterfaceOrientations_iPhone = "UIInterfaceOrientationPortrait UIInterfaceOrientationLandscapeLeft UIInterfaceOrientationLandscapeRight";
				LD_RUNPATH_SEARCH_PATHS = (
					"$(inherited)",
					"@executable_path/Frameworks",
				);
				MARKETING_VERSION = 1.0;
				PRODUCT_BUNDLE_IDENTIFIER = Olegajaro.TaskListRealm;
				PRODUCT_NAME = "$(TARGET_NAME)";
				SWIFT_EMIT_LOC_STRINGS = YES;
				SWIFT_VERSION = 5.0;
				TARGETED_DEVICE_FAMILY = 1;
			};
			name = Debug;
		};
		10FD538827108175006F9529 /* Release */ = {
			isa = XCBuildConfiguration;
			baseConfigurationReference = 9BFE386AAEC9A40CEDD8A7D8 /* Pods-TaskListRealm.release.xcconfig */;
			buildSettings = {
				ASSETCATALOG_COMPILER_APPICON_NAME = AppIcon;
				ASSETCATALOG_COMPILER_GLOBAL_ACCENT_COLOR_NAME = AccentColor;
				CODE_SIGN_STYLE = Automatic;
				CURRENT_PROJECT_VERSION = 1;
				DEVELOPMENT_TEAM = QGLMKQL94J;
				GENERATE_INFOPLIST_FILE = YES;
				INFOPLIST_FILE = TaskListRealm/Info.plist;
				INFOPLIST_KEY_UIApplicationSupportsIndirectInputEvents = YES;
				INFOPLIST_KEY_UILaunchStoryboardName = LaunchScreen;
				INFOPLIST_KEY_UIMainStoryboardFile = Main;
				INFOPLIST_KEY_UISupportedInterfaceOrientations_iPad = "UIInterfaceOrientationPortrait UIInterfaceOrientationPortraitUpsideDown UIInterfaceOrientationLandscapeLeft UIInterfaceOrientationLandscapeRight";
				INFOPLIST_KEY_UISupportedInterfaceOrientations_iPhone = "UIInterfaceOrientationPortrait UIInterfaceOrientationLandscapeLeft UIInterfaceOrientationLandscapeRight";
				LD_RUNPATH_SEARCH_PATHS = (
					"$(inherited)",
					"@executable_path/Frameworks",
				);
				MARKETING_VERSION = 1.0;
				PRODUCT_BUNDLE_IDENTIFIER = Olegajaro.TaskListRealm;
				PRODUCT_NAME = "$(TARGET_NAME)";
				SWIFT_EMIT_LOC_STRINGS = YES;
				SWIFT_VERSION = 5.0;
				TARGETED_DEVICE_FAMILY = 1;
			};
			name = Release;
		};
/* End XCBuildConfiguration section */

/* Begin XCConfigurationList section */
		10FD536D27108174006F9529 /* Build configuration list for PBXProject "TaskListRealm" */ = {
			isa = XCConfigurationList;
			buildConfigurations = (
				10FD538427108175006F9529 /* Debug */,
				10FD538527108175006F9529 /* Release */,
			);
			defaultConfigurationIsVisible = 0;
			defaultConfigurationName = Release;
		};
		10FD538627108175006F9529 /* Build configuration list for PBXNativeTarget "TaskListRealm" */ = {
			isa = XCConfigurationList;
			buildConfigurations = (
				10FD538727108175006F9529 /* Debug */,
				10FD538827108175006F9529 /* Release */,
			);
			defaultConfigurationIsVisible = 0;
			defaultConfigurationName = Release;
		};
/* End XCConfigurationList section */
	};
	rootObject = 10FD536A27108174006F9529 /* Project object */;
}
